// !$*UTF8*$!
{
	archiveVersion = 1;
	classes = {
	};
	objectVersion = 56;
	objects = {

/* Begin PBXBuildFile section */
		A108B5ED29CA998C0076FD60 /* ReminderViewController+Row.swift in Sources */ = {isa = PBXBuildFile; fileRef = A108B5EC29CA998C0076FD60 /* ReminderViewController+Row.swift */; };
		A108B5EF29CACE5B0076FD60 /* ReminderViewController+Section.swift in Sources */ = {isa = PBXBuildFile; fileRef = A108B5EE29CACE5B0076FD60 /* ReminderViewController+Section.swift */; };
		A108B5F129CAD8FE0076FD60 /* ReminderViewController+CellConfiguration.swift in Sources */ = {isa = PBXBuildFile; fileRef = A108B5F029CAD8FE0076FD60 /* ReminderViewController+CellConfiguration.swift */; };
		A108B5F629CAEA3C0076FD60 /* UIView+PinnedSubview.swift in Sources */ = {isa = PBXBuildFile; fileRef = A108B5F529CAEA3C0076FD60 /* UIView+PinnedSubview.swift */; };
		A108B5F829CAEC6D0076FD60 /* TextFieldContentView.swift in Sources */ = {isa = PBXBuildFile; fileRef = A108B5F729CAEC6D0076FD60 /* TextFieldContentView.swift */; };
		A108B5FA29CAEE9B0076FD60 /* UIContentConfiguration+Stateless.swift in Sources */ = {isa = PBXBuildFile; fileRef = A108B5F929CAEE9B0076FD60 /* UIContentConfiguration+Stateless.swift */; };
		A1CF14EF29CBD3F50079A60D /* TextViewContentView.swift in Sources */ = {isa = PBXBuildFile; fileRef = A1CF14EE29CBD3F50079A60D /* TextViewContentView.swift */; };
		A1CF14F129CBD97B0079A60D /* DatePickerContentView.swift in Sources */ = {isa = PBXBuildFile; fileRef = A1CF14F029CBD97B0079A60D /* DatePickerContentView.swift */; };
		A1CF14F329CC0EEC0079A60D /* ReminderListStyle.swift in Sources */ = {isa = PBXBuildFile; fileRef = A1CF14F229CC0EEC0079A60D /* ReminderListStyle.swift */; };
		A1CF14F529CC15760079A60D /* ProgressHeaderView.swift in Sources */ = {isa = PBXBuildFile; fileRef = A1CF14F429CC15760079A60D /* ProgressHeaderView.swift */; };
		A1CF14F729CC27AA0079A60D /* CAGradientLayer+ListStyle.swift in Sources */ = {isa = PBXBuildFile; fileRef = A1CF14F629CC27AA0079A60D /* CAGradientLayer+ListStyle.swift */; };
		A1CF14F929CC35A90079A60D /* TodayError.swift in Sources */ = {isa = PBXBuildFile; fileRef = A1CF14F829CC35A90079A60D /* TodayError.swift */; };
		A1CF14FB29CC363F0079A60D /* EKEventStore+AsyncFetch.swift in Sources */ = {isa = PBXBuildFile; fileRef = A1CF14FA29CC363F0079A60D /* EKEventStore+AsyncFetch.swift */; };
		A1CF14FD29CC38D10079A60D /* Reminder+EKReminder.swift in Sources */ = {isa = PBXBuildFile; fileRef = A1CF14FC29CC38D10079A60D /* Reminder+EKReminder.swift */; };
		A1CF14FF29CC3A1C0079A60D /* ReminderStore.swift in Sources */ = {isa = PBXBuildFile; fileRef = A1CF14FE29CC3A1C0079A60D /* ReminderStore.swift */; };
		A1D2A7FA29C93874004DFA0A /* AppDelegate.swift in Sources */ = {isa = PBXBuildFile; fileRef = A1D2A7F929C93874004DFA0A /* AppDelegate.swift */; };
		A1D2A7FC29C93874004DFA0A /* SceneDelegate.swift in Sources */ = {isa = PBXBuildFile; fileRef = A1D2A7FB29C93874004DFA0A /* SceneDelegate.swift */; };
		A1D2A7FE29C93874004DFA0A /* ReminderListViewController.swift in Sources */ = {isa = PBXBuildFile; fileRef = A1D2A7FD29C93874004DFA0A /* ReminderListViewController.swift */; };
		A1D2A80129C93874004DFA0A /* Main.storyboard in Resources */ = {isa = PBXBuildFile; fileRef = A1D2A7FF29C93874004DFA0A /* Main.storyboard */; };
		A1D2A80329C93875004DFA0A /* Assets.xcassets in Resources */ = {isa = PBXBuildFile; fileRef = A1D2A80229C93875004DFA0A /* Assets.xcassets */; };
		A1D2A80629C93875004DFA0A /* LaunchScreen.storyboard in Resources */ = {isa = PBXBuildFile; fileRef = A1D2A80429C93875004DFA0A /* LaunchScreen.storyboard */; };
		A1D2A80F29C93985004DFA0A /* Reminder.swift in Sources */ = {isa = PBXBuildFile; fileRef = A1D2A80E29C93985004DFA0A /* Reminder.swift */; };
		A1D2A81129C948F9004DFA0A /* Date+Today.swift in Sources */ = {isa = PBXBuildFile; fileRef = A1D2A81029C948F9004DFA0A /* Date+Today.swift */; };
		A1D2A81429C94CAC004DFA0A /* ReminderListViewController+DataSource.swift in Sources */ = {isa = PBXBuildFile; fileRef = A1D2A81329C94CAC004DFA0A /* ReminderListViewController+DataSource.swift */; };
		A1D2A81629C9862F004DFA0A /* ReminderDoneButton.swift in Sources */ = {isa = PBXBuildFile; fileRef = A1D2A81529C9862F004DFA0A /* ReminderDoneButton.swift */; };
		A1D2A81829C98A36004DFA0A /* ReminderListViewController+Actions.swift in Sources */ = {isa = PBXBuildFile; fileRef = A1D2A81729C98A36004DFA0A /* ReminderListViewController+Actions.swift */; };
		A1D2A81A29CA8AB3004DFA0A /* ReminderViewController.swift in Sources */ = {isa = PBXBuildFile; fileRef = A1D2A81929CA8AB3004DFA0A /* ReminderViewController.swift */; };
/* End PBXBuildFile section */

/* Begin PBXFileReference section */
		A108B5EC29CA998C0076FD60 /* ReminderViewController+Row.swift */ = {isa = PBXFileReference; lastKnownFileType = sourcecode.swift; path = "ReminderViewController+Row.swift"; sourceTree = "<group>"; };
		A108B5EE29CACE5B0076FD60 /* ReminderViewController+Section.swift */ = {isa = PBXFileReference; lastKnownFileType = sourcecode.swift; path = "ReminderViewController+Section.swift"; sourceTree = "<group>"; };
		A108B5F029CAD8FE0076FD60 /* ReminderViewController+CellConfiguration.swift */ = {isa = PBXFileReference; lastKnownFileType = sourcecode.swift; path = "ReminderViewController+CellConfiguration.swift"; sourceTree = "<group>"; };
		A108B5F529CAEA3C0076FD60 /* UIView+PinnedSubview.swift */ = {isa = PBXFileReference; lastKnownFileType = sourcecode.swift; path = "UIView+PinnedSubview.swift"; sourceTree = "<group>"; };
		A108B5F729CAEC6D0076FD60 /* TextFieldContentView.swift */ = {isa = PBXFileReference; lastKnownFileType = sourcecode.swift; path = TextFieldContentView.swift; sourceTree = "<group>"; };
		A108B5F929CAEE9B0076FD60 /* UIContentConfiguration+Stateless.swift */ = {isa = PBXFileReference; lastKnownFileType = sourcecode.swift; path = "UIContentConfiguration+Stateless.swift"; sourceTree = "<group>"; };
		A1CF14EE29CBD3F50079A60D /* TextViewContentView.swift */ = {isa = PBXFileReference; lastKnownFileType = sourcecode.swift; path = TextViewContentView.swift; sourceTree = "<group>"; };
		A1CF14F029CBD97B0079A60D /* DatePickerContentView.swift */ = {isa = PBXFileReference; lastKnownFileType = sourcecode.swift; path = DatePickerContentView.swift; sourceTree = "<group>"; };
		A1CF14F229CC0EEC0079A60D /* ReminderListStyle.swift */ = {isa = PBXFileReference; lastKnownFileType = sourcecode.swift; path = ReminderListStyle.swift; sourceTree = "<group>"; };
		A1CF14F429CC15760079A60D /* ProgressHeaderView.swift */ = {isa = PBXFileReference; lastKnownFileType = sourcecode.swift; path = ProgressHeaderView.swift; sourceTree = "<group>"; };
		A1CF14F629CC27AA0079A60D /* CAGradientLayer+ListStyle.swift */ = {isa = PBXFileReference; lastKnownFileType = sourcecode.swift; path = "CAGradientLayer+ListStyle.swift"; sourceTree = "<group>"; };
		A1CF14F829CC35A90079A60D /* TodayError.swift */ = {isa = PBXFileReference; lastKnownFileType = sourcecode.swift; path = TodayError.swift; sourceTree = "<group>"; };
		A1CF14FA29CC363F0079A60D /* EKEventStore+AsyncFetch.swift */ = {isa = PBXFileReference; lastKnownFileType = sourcecode.swift; path = "EKEventStore+AsyncFetch.swift"; sourceTree = "<group>"; };
		A1CF14FC29CC38D10079A60D /* Reminder+EKReminder.swift */ = {isa = PBXFileReference; lastKnownFileType = sourcecode.swift; path = "Reminder+EKReminder.swift"; sourceTree = "<group>"; };
		A1CF14FE29CC3A1C0079A60D /* ReminderStore.swift */ = {isa = PBXFileReference; lastKnownFileType = sourcecode.swift; path = ReminderStore.swift; sourceTree = "<group>"; };
		A1D2A7F629C93874004DFA0A /* Today.app */ = {isa = PBXFileReference; explicitFileType = wrapper.application; includeInIndex = 0; path = Today.app; sourceTree = BUILT_PRODUCTS_DIR; };
		A1D2A7F929C93874004DFA0A /* AppDelegate.swift */ = {isa = PBXFileReference; lastKnownFileType = sourcecode.swift; path = AppDelegate.swift; sourceTree = "<group>"; };
		A1D2A7FB29C93874004DFA0A /* SceneDelegate.swift */ = {isa = PBXFileReference; lastKnownFileType = sourcecode.swift; path = SceneDelegate.swift; sourceTree = "<group>"; };
		A1D2A7FD29C93874004DFA0A /* ReminderListViewController.swift */ = {isa = PBXFileReference; lastKnownFileType = sourcecode.swift; path = ReminderListViewController.swift; sourceTree = "<group>"; };
		A1D2A80029C93874004DFA0A /* Base */ = {isa = PBXFileReference; lastKnownFileType = file.storyboard; name = Base; path = Base.lproj/Main.storyboard; sourceTree = "<group>"; };
		A1D2A80229C93875004DFA0A /* Assets.xcassets */ = {isa = PBXFileReference; lastKnownFileType = folder.assetcatalog; path = Assets.xcassets; sourceTree = "<group>"; };
		A1D2A80529C93875004DFA0A /* Base */ = {isa = PBXFileReference; lastKnownFileType = file.storyboard; name = Base; path = Base.lproj/LaunchScreen.storyboard; sourceTree = "<group>"; };
		A1D2A80729C93875004DFA0A /* Info.plist */ = {isa = PBXFileReference; lastKnownFileType = text.plist.xml; path = Info.plist; sourceTree = "<group>"; };
		A1D2A80E29C93985004DFA0A /* Reminder.swift */ = {isa = PBXFileReference; lastKnownFileType = sourcecode.swift; path = Reminder.swift; sourceTree = "<group>"; };
		A1D2A81029C948F9004DFA0A /* Date+Today.swift */ = {isa = PBXFileReference; lastKnownFileType = sourcecode.swift; path = "Date+Today.swift"; sourceTree = "<group>"; };
		A1D2A81329C94CAC004DFA0A /* ReminderListViewController+DataSource.swift */ = {isa = PBXFileReference; lastKnownFileType = sourcecode.swift; path = "ReminderListViewController+DataSource.swift"; sourceTree = "<group>"; };
		A1D2A81529C9862F004DFA0A /* ReminderDoneButton.swift */ = {isa = PBXFileReference; lastKnownFileType = sourcecode.swift; path = ReminderDoneButton.swift; sourceTree = "<group>"; };
		A1D2A81729C98A36004DFA0A /* ReminderListViewController+Actions.swift */ = {isa = PBXFileReference; lastKnownFileType = sourcecode.swift; path = "ReminderListViewController+Actions.swift"; sourceTree = "<group>"; };
		A1D2A81929CA8AB3004DFA0A /* ReminderViewController.swift */ = {isa = PBXFileReference; lastKnownFileType = sourcecode.swift; path = ReminderViewController.swift; sourceTree = "<group>"; };
/* End PBXFileReference section */

/* Begin PBXFrameworksBuildPhase section */
		A1D2A7F329C93874004DFA0A /* Frameworks */ = {
			isa = PBXFrameworksBuildPhase;
			buildActionMask = 2147483647;
			files = (
			);
			runOnlyForDeploymentPostprocessing = 0;
		};
/* End PBXFrameworksBuildPhase section */

/* Begin PBXGroup section */
		A108B5EB29CA99270076FD60 /* DatailViewController */ = {
			isa = PBXGroup;
			children = (
				A1D2A81929CA8AB3004DFA0A /* ReminderViewController.swift */,
				A108B5EE29CACE5B0076FD60 /* ReminderViewController+Section.swift */,
				A108B5EC29CA998C0076FD60 /* ReminderViewController+Row.swift */,
				A108B5F029CAD8FE0076FD60 /* ReminderViewController+CellConfiguration.swift */,
			);
			path = DatailViewController;
			sourceTree = "<group>";
		};
		A108B5F229CAE8E70076FD60 /* ContentViews */ = {
			isa = PBXGroup;
			children = (
				A108B5F529CAEA3C0076FD60 /* UIView+PinnedSubview.swift */,
				A108B5F929CAEE9B0076FD60 /* UIContentConfiguration+Stateless.swift */,
				A108B5F729CAEC6D0076FD60 /* TextFieldContentView.swift */,
				A1CF14EE29CBD3F50079A60D /* TextViewContentView.swift */,
				A1CF14F029CBD97B0079A60D /* DatePickerContentView.swift */,
			);
			path = ContentViews;
			sourceTree = "<group>";
		};
		A1D2A7ED29C93874004DFA0A = {
			isa = PBXGroup;
			children = (
				A1D2A7F929C93874004DFA0A /* AppDelegate.swift */,
				A1D2A7FB29C93874004DFA0A /* SceneDelegate.swift */,
				A108B5F229CAE8E70076FD60 /* ContentViews */,
				A1D2A80D29C93966004DFA0A /* Models */,
				A1D2A81229C94C6F004DFA0A /* ListViewController */,
				A108B5EB29CA99270076FD60 /* DatailViewController */,
				A1D2A7F829C93874004DFA0A /* Today */,
				A1D2A7F729C93874004DFA0A /* Products */,
			);
			sourceTree = "<group>";
		};
		A1D2A7F729C93874004DFA0A /* Products */ = {
			isa = PBXGroup;
			children = (
				A1D2A7F629C93874004DFA0A /* Today.app */,
			);
			name = Products;
			sourceTree = "<group>";
		};
		A1D2A7F829C93874004DFA0A /* Today */ = {
			isa = PBXGroup;
			children = (
				A1D2A7FF29C93874004DFA0A /* Main.storyboard */,
				A1D2A80229C93875004DFA0A /* Assets.xcassets */,
				A1D2A80429C93875004DFA0A /* LaunchScreen.storyboard */,
				A1D2A80729C93875004DFA0A /* Info.plist */,
			);
			path = Today;
			sourceTree = "<group>";
		};
		A1D2A80D29C93966004DFA0A /* Models */ = {
			isa = PBXGroup;
			children = (
				A1D2A80E29C93985004DFA0A /* Reminder.swift */,
				A1D2A81029C948F9004DFA0A /* Date+Today.swift */,
				A1D2A81529C9862F004DFA0A /* ReminderDoneButton.swift */,
				A1D2A81729C98A36004DFA0A /* ReminderListViewController+Actions.swift */,
				A1CF14F229CC0EEC0079A60D /* ReminderListStyle.swift */,
				A1CF14F629CC27AA0079A60D /* CAGradientLayer+ListStyle.swift */,
				A1CF14F829CC35A90079A60D /* TodayError.swift */,
				A1CF14FA29CC363F0079A60D /* EKEventStore+AsyncFetch.swift */,
				A1CF14FC29CC38D10079A60D /* Reminder+EKReminder.swift */,
				A1CF14FE29CC3A1C0079A60D /* ReminderStore.swift */,
			);
			path = Models;
			sourceTree = "<group>";
		};
		A1D2A81229C94C6F004DFA0A /* ListViewController */ = {
			isa = PBXGroup;
			children = (
				A1D2A7FD29C93874004DFA0A /* ReminderListViewController.swift */,
				A1D2A81329C94CAC004DFA0A /* ReminderListViewController+DataSource.swift */,
				A1CF14F429CC15760079A60D /* ProgressHeaderView.swift */,
			);
			path = ListViewController;
			sourceTree = "<group>";
		};
/* End PBXGroup section */

/* Begin PBXNativeTarget section */
		A1D2A7F529C93874004DFA0A /* Today */ = {
			isa = PBXNativeTarget;
			buildConfigurationList = A1D2A80A29C93875004DFA0A /* Build configuration list for PBXNativeTarget "Today" */;
			buildPhases = (
				A1D2A7F229C93874004DFA0A /* Sources */,
				A1D2A7F329C93874004DFA0A /* Frameworks */,
				A1D2A7F429C93874004DFA0A /* Resources */,
			);
			buildRules = (
			);
			dependencies = (
			);
			name = Today;
			productName = Today;
			productReference = A1D2A7F629C93874004DFA0A /* Today.app */;
			productType = "com.apple.product-type.application";
		};
/* End PBXNativeTarget section */

/* Begin PBXProject section */
		A1D2A7EE29C93874004DFA0A /* Project object */ = {
			isa = PBXProject;
			attributes = {
				BuildIndependentTargetsInParallel = 1;
				LastSwiftUpdateCheck = 1420;
				LastUpgradeCheck = 1420;
				TargetAttributes = {
					A1D2A7F529C93874004DFA0A = {
						CreatedOnToolsVersion = 14.2;
					};
				};
			};
			buildConfigurationList = A1D2A7F129C93874004DFA0A /* Build configuration list for PBXProject "Today" */;
			compatibilityVersion = "Xcode 14.0";
			developmentRegion = en;
			hasScannedForEncodings = 0;
			knownRegions = (
				en,
				Base,
			);
			mainGroup = A1D2A7ED29C93874004DFA0A;
			productRefGroup = A1D2A7F729C93874004DFA0A /* Products */;
			projectDirPath = "";
			projectRoot = "";
			targets = (
				A1D2A7F529C93874004DFA0A /* Today */,
			);
		};
/* End PBXProject section */

/* Begin PBXResourcesBuildPhase section */
		A1D2A7F429C93874004DFA0A /* Resources */ = {
			isa = PBXResourcesBuildPhase;
			buildActionMask = 2147483647;
			files = (
				A1D2A80629C93875004DFA0A /* LaunchScreen.storyboard in Resources */,
				A1D2A80329C93875004DFA0A /* Assets.xcassets in Resources */,
				A1D2A80129C93874004DFA0A /* Main.storyboard in Resources */,
			);
			runOnlyForDeploymentPostprocessing = 0;
		};
/* End PBXResourcesBuildPhase section */

/* Begin PBXSourcesBuildPhase section */
		A1D2A7F229C93874004DFA0A /* Sources */ = {
			isa = PBXSourcesBuildPhase;
			buildActionMask = 2147483647;
			files = (
				A1D2A81829C98A36004DFA0A /* ReminderListViewController+Actions.swift in Sources */,
				A1CF14F129CBD97B0079A60D /* DatePickerContentView.swift in Sources */,
				A1D2A81129C948F9004DFA0A /* Date+Today.swift in Sources */,
				A1D2A7FE29C93874004DFA0A /* ReminderListViewController.swift in Sources */,
				A108B5F129CAD8FE0076FD60 /* ReminderViewController+CellConfiguration.swift in Sources */,
				A1CF14F529CC15760079A60D /* ProgressHeaderView.swift in Sources */,
				A1D2A7FA29C93874004DFA0A /* AppDelegate.swift in Sources */,
				A108B5FA29CAEE9B0076FD60 /* UIContentConfiguration+Stateless.swift in Sources */,
				A108B5EF29CACE5B0076FD60 /* ReminderViewController+Section.swift in Sources */,
				A1CF14FF29CC3A1C0079A60D /* ReminderStore.swift in Sources */,
				A1CF14F929CC35A90079A60D /* TodayError.swift in Sources */,
				A1CF14FD29CC38D10079A60D /* Reminder+EKReminder.swift in Sources */,
				A1D2A7FC29C93874004DFA0A /* SceneDelegate.swift in Sources */,
				A1CF14F329CC0EEC0079A60D /* ReminderListStyle.swift in Sources */,
				A1D2A81A29CA8AB3004DFA0A /* ReminderViewController.swift in Sources */,
				A108B5F629CAEA3C0076FD60 /* UIView+PinnedSubview.swift in Sources */,
				A1CF14F729CC27AA0079A60D /* CAGradientLayer+ListStyle.swift in Sources */,
				A1CF14EF29CBD3F50079A60D /* TextViewContentView.swift in Sources */,
				A1CF14FB29CC363F0079A60D /* EKEventStore+AsyncFetch.swift in Sources */,
				A108B5ED29CA998C0076FD60 /* ReminderViewController+Row.swift in Sources */,
				A1D2A81429C94CAC004DFA0A /* ReminderListViewController+DataSource.swift in Sources */,
				A1D2A81629C9862F004DFA0A /* ReminderDoneButton.swift in Sources */,
				A108B5F829CAEC6D0076FD60 /* TextFieldContentView.swift in Sources */,
				A1D2A80F29C93985004DFA0A /* Reminder.swift in Sources */,
			);
			runOnlyForDeploymentPostprocessing = 0;
		};
/* End PBXSourcesBuildPhase section */

/* Begin PBXVariantGroup section */
		A1D2A7FF29C93874004DFA0A /* Main.storyboard */ = {
			isa = PBXVariantGroup;
			children = (
				A1D2A80029C93874004DFA0A /* Base */,
			);
			name = Main.storyboard;
			sourceTree = "<group>";
		};
		A1D2A80429C93875004DFA0A /* LaunchScreen.storyboard */ = {
			isa = PBXVariantGroup;
			children = (
				A1D2A80529C93875004DFA0A /* Base */,
			);
			name = LaunchScreen.storyboard;
			sourceTree = "<group>";
		};
/* End PBXVariantGroup section */

/* Begin XCBuildConfiguration section */
		A1D2A80829C93875004DFA0A /* Debug */ = {
			isa = XCBuildConfiguration;
			buildSettings = {
				ALWAYS_SEARCH_USER_PATHS = NO;
				CLANG_ANALYZER_NONNULL = YES;
				CLANG_ANALYZER_NUMBER_OBJECT_CONVERSION = YES_AGGRESSIVE;
				CLANG_CXX_LANGUAGE_STANDARD = "gnu++20";
				CLANG_ENABLE_MODULES = YES;
				CLANG_ENABLE_OBJC_ARC = YES;
				CLANG_ENABLE_OBJC_WEAK = YES;
				CLANG_WARN_BLOCK_CAPTURE_AUTORELEASING = YES;
				CLANG_WARN_BOOL_CONVERSION = YES;
				CLANG_WARN_COMMA = YES;
				CLANG_WARN_CONSTANT_CONVERSION = YES;
				CLANG_WARN_DEPRECATED_OBJC_IMPLEMENTATIONS = YES;
				CLANG_WARN_DIRECT_OBJC_ISA_USAGE = YES_ERROR;
				CLANG_WARN_DOCUMENTATION_COMMENTS = YES;
				CLANG_WARN_EMPTY_BODY = YES;
				CLANG_WARN_ENUM_CONVERSION = YES;
				CLANG_WARN_INFINITE_RECURSION = YES;
				CLANG_WARN_INT_CONVERSION = YES;
				CLANG_WARN_NON_LITERAL_NULL_CONVERSION = YES;
				CLANG_WARN_OBJC_IMPLICIT_RETAIN_SELF = YES;
				CLANG_WARN_OBJC_LITERAL_CONVERSION = YES;
				CLANG_WARN_OBJC_ROOT_CLASS = YES_ERROR;
				CLANG_WARN_QUOTED_INCLUDE_IN_FRAMEWORK_HEADER = YES;
				CLANG_WARN_RANGE_LOOP_ANALYSIS = YES;
				CLANG_WARN_STRICT_PROTOTYPES = YES;
				CLANG_WARN_SUSPICIOUS_MOVE = YES;
				CLANG_WARN_UNGUARDED_AVAILABILITY = YES_AGGRESSIVE;
				CLANG_WARN_UNREACHABLE_CODE = YES;
				CLANG_WARN__DUPLICATE_METHOD_MATCH = YES;
				COPY_PHASE_STRIP = NO;
				DEBUG_INFORMATION_FORMAT = dwarf;
				ENABLE_STRICT_OBJC_MSGSEND = YES;
				ENABLE_TESTABILITY = YES;
				GCC_C_LANGUAGE_STANDARD = gnu11;
				GCC_DYNAMIC_NO_PIC = NO;
				GCC_NO_COMMON_BLOCKS = YES;
				GCC_OPTIMIZATION_LEVEL = 0;
				GCC_PREPROCESSOR_DEFINITIONS = (
					"DEBUG=1",
					"$(inherited)",
				);
				GCC_WARN_64_TO_32_BIT_CONVERSION = YES;
				GCC_WARN_ABOUT_RETURN_TYPE = YES_ERROR;
				GCC_WARN_UNDECLARED_SELECTOR = YES;
				GCC_WARN_UNINITIALIZED_AUTOS = YES_AGGRESSIVE;
				GCC_WARN_UNUSED_FUNCTION = YES;
				GCC_WARN_UNUSED_VARIABLE = YES;
				IPHONEOS_DEPLOYMENT_TARGET = 16.2;
				MTL_ENABLE_DEBUG_INFO = INCLUDE_SOURCE;
				MTL_FAST_MATH = YES;
				ONLY_ACTIVE_ARCH = YES;
				SDKROOT = iphoneos;
				SWIFT_ACTIVE_COMPILATION_CONDITIONS = DEBUG;
				SWIFT_OPTIMIZATION_LEVEL = "-Onone";
			};
			name = Debug;
		};
		A1D2A80929C93875004DFA0A /* Release */ = {
			isa = XCBuildConfiguration;
			buildSettings = {
				ALWAYS_SEARCH_USER_PATHS = NO;
				CLANG_ANALYZER_NONNULL = YES;
				CLANG_ANALYZER_NUMBER_OBJECT_CONVERSION = YES_AGGRESSIVE;
				CLANG_CXX_LANGUAGE_STANDARD = "gnu++20";
				CLANG_ENABLE_MODULES = YES;
				CLANG_ENABLE_OBJC_ARC = YES;
				CLANG_ENABLE_OBJC_WEAK = YES;
				CLANG_WARN_BLOCK_CAPTURE_AUTORELEASING = YES;
				CLANG_WARN_BOOL_CONVERSION = YES;
				CLANG_WARN_COMMA = YES;
				CLANG_WARN_CONSTANT_CONVERSION = YES;
				CLANG_WARN_DEPRECATED_OBJC_IMPLEMENTATIONS = YES;
				CLANG_WARN_DIRECT_OBJC_ISA_USAGE = YES_ERROR;
				CLANG_WARN_DOCUMENTATION_COMMENTS = YES;
				CLANG_WARN_EMPTY_BODY = YES;
				CLANG_WARN_ENUM_CONVERSION = YES;
				CLANG_WARN_INFINITE_RECURSION = YES;
				CLANG_WARN_INT_CONVERSION = YES;
				CLANG_WARN_NON_LITERAL_NULL_CONVERSION = YES;
				CLANG_WARN_OBJC_IMPLICIT_RETAIN_SELF = YES;
				CLANG_WARN_OBJC_LITERAL_CONVERSION = YES;
				CLANG_WARN_OBJC_ROOT_CLASS = YES_ERROR;
				CLANG_WARN_QUOTED_INCLUDE_IN_FRAMEWORK_HEADER = YES;
				CLANG_WARN_RANGE_LOOP_ANALYSIS = YES;
				CLANG_WARN_STRICT_PROTOTYPES = YES;
				CLANG_WARN_SUSPICIOUS_MOVE = YES;
				CLANG_WARN_UNGUARDED_AVAILABILITY = YES_AGGRESSIVE;
				CLANG_WARN_UNREACHABLE_CODE = YES;
				CLANG_WARN__DUPLICATE_METHOD_MATCH = YES;
				COPY_PHASE_STRIP = NO;
				DEBUG_INFORMATION_FORMAT = "dwarf-with-dsym";
				ENABLE_NS_ASSERTIONS = NO;
				ENABLE_STRICT_OBJC_MSGSEND = YES;
				GCC_C_LANGUAGE_STANDARD = gnu11;
				GCC_NO_COMMON_BLOCKS = YES;
				GCC_WARN_64_TO_32_BIT_CONVERSION = YES;
				GCC_WARN_ABOUT_RETURN_TYPE = YES_ERROR;
				GCC_WARN_UNDECLARED_SELECTOR = YES;
				GCC_WARN_UNINITIALIZED_AUTOS = YES_AGGRESSIVE;
				GCC_WARN_UNUSED_FUNCTION = YES;
				GCC_WARN_UNUSED_VARIABLE = YES;
				IPHONEOS_DEPLOYMENT_TARGET = 16.2;
				MTL_ENABLE_DEBUG_INFO = NO;
				MTL_FAST_MATH = YES;
				SDKROOT = iphoneos;
				SWIFT_COMPILATION_MODE = wholemodule;
				SWIFT_OPTIMIZATION_LEVEL = "-O";
				VALIDATE_PRODUCT = YES;
			};
			name = Release;
		};
		A1D2A80B29C93875004DFA0A /* Debug */ = {
			isa = XCBuildConfiguration;
			buildSettings = {
				ASSETCATALOG_COMPILER_APPICON_NAME = AppIcon;
				ASSETCATALOG_COMPILER_GLOBAL_ACCENT_COLOR_NAME = AccentColor;
				CODE_SIGN_STYLE = Automatic;
				CURRENT_PROJECT_VERSION = 1;
				DEVELOPMENT_TEAM = R2PBZJ465V;
				GENERATE_INFOPLIST_FILE = YES;
				INFOPLIST_FILE = Today/Info.plist;
				INFOPLIST_KEY_NSRemindersUsageDescription = "Your reminders can help you stay on track";
				INFOPLIST_KEY_UIApplicationSupportsIndirectInputEvents = YES;
				INFOPLIST_KEY_UILaunchStoryboardName = LaunchScreen;
				INFOPLIST_KEY_UIMainStoryboardFile = Main;
				INFOPLIST_KEY_UISupportedInterfaceOrientations_iPad = "UIInterfaceOrientationPortrait UIInterfaceOrientationPortraitUpsideDown UIInterfaceOrientationLandscapeLeft UIInterfaceOrientationLandscapeRight";
				INFOPLIST_KEY_UISupportedInterfaceOrientations_iPhone = "UIInterfaceOrientationPortrait UIInterfaceOrientationLandscapeLeft UIInterfaceOrientationLandscapeRight";
				LD_RUNPATH_SEARCH_PATHS = (
					"$(inherited)",
					"@executable_path/Frameworks",
				);
				MARKETING_VERSION = 1.0;
				PRODUCT_BUNDLE_IDENTIFIER = com.inca.devqatestgame.Today;
				PRODUCT_NAME = "$(TARGET_NAME)";
				SWIFT_EMIT_LOC_STRINGS = YES;
				SWIFT_VERSION = 5.0;
				TARGETED_DEVICE_FAMILY = "1,2";
			};
			name = Debug;
		};
		A1D2A80C29C93875004DFA0A /* Release */ = {
			isa = XCBuildConfiguration;
			buildSettings = {
				ASSETCATALOG_COMPILER_APPICON_NAME = AppIcon;
				ASSETCATALOG_COMPILER_GLOBAL_ACCENT_COLOR_NAME = AccentColor;
				CODE_SIGN_STYLE = Automatic;
				CURRENT_PROJECT_VERSION = 1;
				DEVELOPMENT_TEAM = R2PBZJ465V;
				GENERATE_INFOPLIST_FILE = YES;
				INFOPLIST_FILE = Today/Info.plist;
				INFOPLIST_KEY_NSRemindersUsageDescription = "Your reminders can help you stay on track";
				INFOPLIST_KEY_UIApplicationSupportsIndirectInputEvents = YES;
				INFOPLIST_KEY_UILaunchStoryboardName = LaunchScreen;
				INFOPLIST_KEY_UIMainStoryboardFile = Main;
				INFOPLIST_KEY_UISupportedInterfaceOrientations_iPad = "UIInterfaceOrientationPortrait UIInterfaceOrientationPortraitUpsideDown UIInterfaceOrientationLandscapeLeft UIInterfaceOrientationLandscapeRight";
				INFOPLIST_KEY_UISupportedInterfaceOrientations_iPhone = "UIInterfaceOrientationPortrait UIInterfaceOrientationLandscapeLeft UIInterfaceOrientationLandscapeRight";
				LD_RUNPATH_SEARCH_PATHS = (
					"$(inherited)",
					"@executable_path/Frameworks",
				);
				MARKETING_VERSION = 1.0;
				PRODUCT_BUNDLE_IDENTIFIER = com.inca.devqatestgame.Today;
				PRODUCT_NAME = "$(TARGET_NAME)";
				SWIFT_EMIT_LOC_STRINGS = YES;
				SWIFT_VERSION = 5.0;
				TARGETED_DEVICE_FAMILY = "1,2";
			};
			name = Release;
		};
/* End XCBuildConfiguration section */

/* Begin XCConfigurationList section */
		A1D2A7F129C93874004DFA0A /* Build configuration list for PBXProject "Today" */ = {
			isa = XCConfigurationList;
			buildConfigurations = (
				A1D2A80829C93875004DFA0A /* Debug */,
				A1D2A80929C93875004DFA0A /* Release */,
			);
			defaultConfigurationIsVisible = 0;
			defaultConfigurationName = Release;
		};
		A1D2A80A29C93875004DFA0A /* Build configuration list for PBXNativeTarget "Today" */ = {
			isa = XCConfigurationList;
			buildConfigurations = (
				A1D2A80B29C93875004DFA0A /* Debug */,
				A1D2A80C29C93875004DFA0A /* Release */,
			);
			defaultConfigurationIsVisible = 0;
			defaultConfigurationName = Release;
		};
/* End XCConfigurationList section */
	};
	rootObject = A1D2A7EE29C93874004DFA0A /* Project object */;
}
